
Microsoft Visual Studio Solution File, Format Version 12.00
# Visual Studio Version 17
VisualStudioVersion = 17.3.32811.315
MinimumVisualStudioVersion = 10.0.40219.1
Project("{9A19103F-16F7-4668-BE54-9A1E7A4F7556}") = "LabelPlus_Next", "LabelPlus_Next\LabelPlus_Next.csproj", "{EBFA8512-1EA5-4D8C-B4AC-AB5B48A6D568}"
EndProject
Project("{9A19103F-16F7-4668-BE54-9A1E7A4F7556}") = "LabelPlus_Next.Desktop", "LabelPlus_Next.Desktop\LabelPlus_Next.Desktop.csproj", "{ABC31E74-02FF-46EB-B3B2-4E6AE43B456C}"
EndProject
Project("{2150E333-8FDC-42A3-9474-1A3956D46DE8}") = "Solution Items", "Solution Items", "{3DA99C4E-89E3-4049-9C22-0A7EC60D83D8}"
	ProjectSection(SolutionItems) = preProject
		Directory.Packages.props = Directory.Packages.props
		compose.yaml = compose.yaml
	EndProjectSection
EndProject
Project("{FAE04EC0-301F-11D3-BF4B-00C04F79EFBC}") = "LabelPlus_Next.Update", "LabelPlus_Next.Update\LabelPlus_Next.Update.csproj", "{E3709543-DEF2-4FEF-ABAE-DC496F3B82B5}"
EndProject
Project("{FAE04EC0-301F-11D3-BF4B-00C04F79EFBC}") = "LabelPlus_Next.Tools", "LabelPlus_Next.Tools\LabelPlus_Next.Tools.csproj", "{9A44528D-50BE-4AF4-9347-063A677AD458}"
EndProject
Project("{FAE04EC0-301F-11D3-BF4B-00C04F79EFBC}") = "LabelPlus_Next.Test", "LabelPlus_Next.Test\LabelPlus_Next.Test.csproj", "{75C3BDFA-B147-48FD-BBB9-D80CF3F82D42}"
EndProject
Project("{FAE04EC0-301F-11D3-BF4B-00C04F79EFBC}") = "LabelPlus_Next.ApiServer", "LabelPlus_Next.ApiServer\LabelPlus_Next.ApiServer.csproj", "{C5D5C57C-D47C-47A0-B60D-5B026E0538A9}"
EndProject
Global
	GlobalSection(SolutionConfigurationPlatforms) = preSolution
		Debug|Any CPU = Debug|Any CPU
		Release|Any CPU = Release|Any CPU
	EndGlobalSection
	GlobalSection(ProjectConfigurationPlatforms) = postSolution
		{EBFA8512-1EA5-4D8C-B4AC-AB5B48A6D568}.Debug|Any CPU.ActiveCfg = Debug|Any CPU
		{EBFA8512-1EA5-4D8C-B4AC-AB5B48A6D568}.Debug|Any CPU.Build.0 = Debug|Any CPU
		{EBFA8512-1EA5-4D8C-B4AC-AB5B48A6D568}.Release|Any CPU.ActiveCfg = Release|Any CPU
		{EBFA8512-1EA5-4D8C-B4AC-AB5B48A6D568}.Release|Any CPU.Build.0 = Release|Any CPU
		{ABC31E74-02FF-46EB-B3B2-4E6AE43B456C}.Debug|Any CPU.ActiveCfg = Debug|Any CPU
		{ABC31E74-02FF-46EB-B3B2-4E6AE43B456C}.Debug|Any CPU.Build.0 = Debug|Any CPU
		{ABC31E74-02FF-46EB-B3B2-4E6AE43B456C}.Release|Any CPU.ActiveCfg = Release|Any CPU
		{ABC31E74-02FF-46EB-B3B2-4E6AE43B456C}.Release|Any CPU.Build.0 = Release|Any CPU
		{E3709543-DEF2-4FEF-ABAE-DC496F3B82B5}.Debug|Any CPU.ActiveCfg = Debug|Any CPU
		{E3709543-DEF2-4FEF-ABAE-DC496F3B82B5}.Debug|Any CPU.Build.0 = Debug|Any CPU
		{E3709543-DEF2-4FEF-ABAE-DC496F3B82B5}.Release|Any CPU.ActiveCfg = Release|Any CPU
		{E3709543-DEF2-4FEF-ABAE-DC496F3B82B5}.Release|Any CPU.Build.0 = Release|Any CPU
		{9A44528D-50BE-4AF4-9347-063A677AD458}.Debug|Any CPU.ActiveCfg = Debug|Any CPU
		{9A44528D-50BE-4AF4-9347-063A677AD458}.Debug|Any CPU.Build.0 = Debug|Any CPU
		{9A44528D-50BE-4AF4-9347-063A677AD458}.Release|Any CPU.ActiveCfg = Release|Any CPU
		{9A44528D-50BE-4AF4-9347-063A677AD458}.Release|Any CPU.Build.0 = Release|Any CPU
		{75C3BDFA-B147-48FD-BBB9-D80CF3F82D42}.Debug|Any CPU.ActiveCfg = Debug|Any CPU
		{75C3BDFA-B147-48FD-BBB9-D80CF3F82D42}.Debug|Any CPU.Build.0 = Debug|Any CPU
		{75C3BDFA-B147-48FD-BBB9-D80CF3F82D42}.Release|Any CPU.ActiveCfg = Release|Any CPU
		{75C3BDFA-B147-48FD-BBB9-D80CF3F82D42}.Release|Any CPU.Build.0 = Release|Any CPU
		{C5D5C57C-D47C-47A0-B60D-5B026E0538A9}.Debug|Any CPU.ActiveCfg = Debug|Any CPU
		{C5D5C57C-D47C-47A0-B60D-5B026E0538A9}.Debug|Any CPU.Build.0 = Debug|Any CPU
		{C5D5C57C-D47C-47A0-B60D-5B026E0538A9}.Release|Any CPU.ActiveCfg = Release|Any CPU
		{C5D5C57C-D47C-47A0-B60D-5B026E0538A9}.Release|Any CPU.Build.0 = Release|Any CPU
	EndGlobalSection
	GlobalSection(SolutionProperties) = preSolution
		HideSolutionNode = FALSE
	EndGlobalSection
	GlobalSection(ExtensibilityGlobals) = postSolution
		SolutionGuid = {83CB65B8-011F-4ED7-BCD3-A6CFA935EF7E}
	EndGlobalSection
EndGlobal
